
Microsoft Visual Studio Solution File, Format Version 12.00
# Visual Studio 15
VisualStudioVersion = 15.0.27703.2047
MinimumVisualStudioVersion = 10.0.40219.1
Project("{FAE04EC0-301F-11D3-BF4B-00C04F79EFBC}") = "IDFinder", "IDFinder\IDFinder.csproj", "{0A6B585E-38EE-48D9-BF26-3D7316DEDC02}"
EndProject
Global
	GlobalSection(SolutionConfigurationPlatforms) = preSolution
		Debug|Any CPU = Debug|Any CPU
		Release|Any CPU = Release|Any CPU
	EndGlobalSection
	GlobalSection(ProjectConfigurationPlatforms) = postSolution
		{0A6B585E-38EE-48D9-BF26-3D7316DEDC02}.Debug|Any CPU.ActiveCfg = Debug|Any CPU
		{0A6B585E-38EE-48D9-BF26-3D7316DEDC02}.Debug|Any CPU.Build.0 = Debug|Any CPU
		{0A6B585E-38EE-48D9-BF26-3D7316DEDC02}.Release|Any CPU.ActiveCfg = Release|Any CPU
		{0A6B585E-38EE-48D9-BF26-3D7316DEDC02}.Release|Any CPU.Build.0 = Release|Any CPU
	EndGlobalSection
	GlobalSection(SolutionProperties) = preSolution
		HideSolutionNode = FALSE
	EndGlobalSection
	GlobalSection(ExtensibilityGlobals) = postSolution
		SolutionGuid = {B78254A9-ED94-4676-AEAA-9033EF1A55C5}
	EndGlobalSection
EndGlobal
